// !$*UTF8*$!
{
	archiveVersion = 1;
	classes = {
	};
	objectVersion = 56;
	objects = {

/* Begin PBXBuildFile section */
		01BF39162B0F12DD00DD24B7 /* HelpPage.swift in Sources */ = {isa = PBXBuildFile; fileRef = 01BF39152B0F12DD00DD24B7 /* HelpPage.swift */; };
		01BF39182B0F1E6700DD24B7 /* SettingPage.swift in Sources */ = {isa = PBXBuildFile; fileRef = 01BF39172B0F1E6700DD24B7 /* SettingPage.swift */; };
		4E3F93542B10895E00FFA7EE /* loginPage.swift in Sources */ = {isa = PBXBuildFile; fileRef = 4E3F93532B10895E00FFA7EE /* loginPage.swift */; };
		4E3F93562B1089AE00FFA7EE /* signUpPage.swift in Sources */ = {isa = PBXBuildFile; fileRef = 4E3F93552B1089AE00FFA7EE /* signUpPage.swift */; };
		4E3F93582B108A7700FFA7EE /* User.swift in Sources */ = {isa = PBXBuildFile; fileRef = 4E3F93572B108A7700FFA7EE /* User.swift */; };
		AA93DB112AF84AD200CB6AB3 /* userPage.swift in Sources */ = {isa = PBXBuildFile; fileRef = AA93DB102AF84AD200CB6AB3 /* userPage.swift */; };
		AAB284CC2AFDB26A00F96BFE /* homePage.swift in Sources */ = {isa = PBXBuildFile; fileRef = AAB284CB2AFDB26A00F96BFE /* homePage.swift */; };
		AAB284CE2AFDB34100F96BFE /* searchPage.swift in Sources */ = {isa = PBXBuildFile; fileRef = AAB284CD2AFDB34100F96BFE /* searchPage.swift */; };
		AAB284D52AFDC82200F96BFE /* IndieFlower.ttf in Resources */ = {isa = PBXBuildFile; fileRef = AAB284D72AFDC82200F96BFE /* IndieFlower.ttf */; };
		AACF0BEC2ADCBA360025BDD6 /* ApiAnimal.swift in Sources */ = {isa = PBXBuildFile; fileRef = AACF0BEB2ADCBA360025BDD6 /* ApiAnimal.swift */; };
		AAF0C01F2AD8B2B5007E7254 /* petpetgoApp.swift in Sources */ = {isa = PBXBuildFile; fileRef = AAF0C01E2AD8B2B5007E7254 /* petpetgoApp.swift */; };
		AAF0C0212AD8B2B5007E7254 /* ContentView.swift in Sources */ = {isa = PBXBuildFile; fileRef = AAF0C0202AD8B2B5007E7254 /* ContentView.swift */; };
		AAF0C0232AD8B2B9007E7254 /* Assets.xcassets in Resources */ = {isa = PBXBuildFile; fileRef = AAF0C0222AD8B2B9007E7254 /* Assets.xcassets */; };
		AAF0C0262AD8B2B9007E7254 /* Preview Assets.xcassets in Resources */ = {isa = PBXBuildFile; fileRef = AAF0C0252AD8B2B9007E7254 /* Preview Assets.xcassets */; };
		AAF0C02E2AD8B66E007E7254 /* Constants.swift in Sources */ = {isa = PBXBuildFile; fileRef = AAF0C02D2AD8B66E007E7254 /* Constants.swift */; };
		AAF0C0302AD8B88F007E7254 /* Service.swift in Sources */ = {isa = PBXBuildFile; fileRef = AAF0C02F2AD8B88F007E7254 /* Service.swift */; };
		AAF0C0322AD8CA72007E7254 /* AccessToken.swift in Sources */ = {isa = PBXBuildFile; fileRef = AAF0C0312AD8CA72007E7254 /* AccessToken.swift */; };
/* End PBXBuildFile section */

/* Begin PBXFileReference section */
		01BF39152B0F12DD00DD24B7 /* HelpPage.swift */ = {isa = PBXFileReference; lastKnownFileType = sourcecode.swift; path = HelpPage.swift; sourceTree = "<group>"; };
		01BF39172B0F1E6700DD24B7 /* SettingPage.swift */ = {isa = PBXFileReference; lastKnownFileType = sourcecode.swift; path = SettingPage.swift; sourceTree = "<group>"; };
		4E3F93532B10895E00FFA7EE /* loginPage.swift */ = {isa = PBXFileReference; lastKnownFileType = sourcecode.swift; path = loginPage.swift; sourceTree = "<group>"; };
		4E3F93552B1089AE00FFA7EE /* signUpPage.swift */ = {isa = PBXFileReference; lastKnownFileType = sourcecode.swift; path = signUpPage.swift; sourceTree = "<group>"; };
		4E3F93572B108A7700FFA7EE /* User.swift */ = {isa = PBXFileReference; lastKnownFileType = sourcecode.swift; path = User.swift; sourceTree = "<group>"; };
		AA93DB102AF84AD200CB6AB3 /* userPage.swift */ = {isa = PBXFileReference; lastKnownFileType = sourcecode.swift; path = userPage.swift; sourceTree = "<group>"; };
		AAB284CB2AFDB26A00F96BFE /* homePage.swift */ = {isa = PBXFileReference; lastKnownFileType = sourcecode.swift; path = homePage.swift; sourceTree = "<group>"; };
		AAB284CD2AFDB34100F96BFE /* searchPage.swift */ = {isa = PBXFileReference; lastKnownFileType = sourcecode.swift; path = searchPage.swift; sourceTree = "<group>"; };
		AAB284D32AFDC53600F96BFE /* Info.plist */ = {isa = PBXFileReference; lastKnownFileType = text.plist; path = Info.plist; sourceTree = "<group>"; };
		AAB284D82AFDC83800F96BFE /* Base */ = {isa = PBXFileReference; lastKnownFileType = file; name = Base; path = Base.lproj/IndieFlower.ttf; sourceTree = "<group>"; };
		AACF0BEB2ADCBA360025BDD6 /* ApiAnimal.swift */ = {isa = PBXFileReference; lastKnownFileType = sourcecode.swift; path = ApiAnimal.swift; sourceTree = "<group>"; };
		AAF0C01B2AD8B2B5007E7254 /* petpetgo.app */ = {isa = PBXFileReference; explicitFileType = wrapper.application; includeInIndex = 0; path = petpetgo.app; sourceTree = BUILT_PRODUCTS_DIR; };
		AAF0C01E2AD8B2B5007E7254 /* petpetgoApp.swift */ = {isa = PBXFileReference; lastKnownFileType = sourcecode.swift; path = petpetgoApp.swift; sourceTree = "<group>"; };
		AAF0C0202AD8B2B5007E7254 /* ContentView.swift */ = {isa = PBXFileReference; lastKnownFileType = sourcecode.swift; path = ContentView.swift; sourceTree = "<group>"; };
		AAF0C0222AD8B2B9007E7254 /* Assets.xcassets */ = {isa = PBXFileReference; lastKnownFileType = folder.assetcatalog; path = Assets.xcassets; sourceTree = "<group>"; };
		AAF0C0252AD8B2B9007E7254 /* Preview Assets.xcassets */ = {isa = PBXFileReference; lastKnownFileType = folder.assetcatalog; path = "Preview Assets.xcassets"; sourceTree = "<group>"; };
		AAF0C02D2AD8B66E007E7254 /* Constants.swift */ = {isa = PBXFileReference; lastKnownFileType = sourcecode.swift; path = Constants.swift; sourceTree = "<group>"; };
		AAF0C02F2AD8B88F007E7254 /* Service.swift */ = {isa = PBXFileReference; lastKnownFileType = sourcecode.swift; path = Service.swift; sourceTree = "<group>"; };
		AAF0C0312AD8CA72007E7254 /* AccessToken.swift */ = {isa = PBXFileReference; lastKnownFileType = sourcecode.swift; path = AccessToken.swift; sourceTree = "<group>"; };
/* End PBXFileReference section */

/* Begin PBXFrameworksBuildPhase section */
		AAF0C0182AD8B2B5007E7254 /* Frameworks */ = {
			isa = PBXFrameworksBuildPhase;
			buildActionMask = 2147483647;
			files = (
			);
			runOnlyForDeploymentPostprocessing = 0;
		};
/* End PBXFrameworksBuildPhase section */

/* Begin PBXGroup section */
		01BF39192B0F1FD200DD24B7 /* Profile */ = {
			isa = PBXGroup;
			children = (
				01BF39172B0F1E6700DD24B7 /* SettingPage.swift */,
				01BF39152B0F12DD00DD24B7 /* HelpPage.swift */,
			);
			path = Profile;
			sourceTree = "<group>";
		};
		AAB284D02AFDC32700F96BFE /* Font */ = {
			isa = PBXGroup;
			children = (
				AAB284D72AFDC82200F96BFE /* IndieFlower.ttf */,
			);
			path = Font;
			sourceTree = "<group>";
		};
		AACF0BEA2ADCBA070025BDD6 /* Models */ = {
			isa = PBXGroup;
			children = (
				AAF0C0312AD8CA72007E7254 /* AccessToken.swift */,
				AACF0BEB2ADCBA360025BDD6 /* ApiAnimal.swift */,
				4E3F93572B108A7700FFA7EE /* User.swift */,
			);
			path = Models;
			sourceTree = "<group>";
		};
		AAF0C0122AD8B2B4007E7254 = {
			isa = PBXGroup;
			children = (
				AAF0C01D2AD8B2B5007E7254 /* petpetgo */,
				AAF0C01C2AD8B2B5007E7254 /* Products */,
			);
			sourceTree = "<group>";
		};
		AAF0C01C2AD8B2B5007E7254 /* Products */ = {
			isa = PBXGroup;
			children = (
				AAF0C01B2AD8B2B5007E7254 /* petpetgo.app */,
			);
			name = Products;
			sourceTree = "<group>";
		};
		AAF0C01D2AD8B2B5007E7254 /* petpetgo */ = {
			isa = PBXGroup;
			children = (
				01BF39192B0F1FD200DD24B7 /* Profile */,
				AAB284D32AFDC53600F96BFE /* Info.plist */,
				AAB284D02AFDC32700F96BFE /* Font */,
				AACF0BEA2ADCBA070025BDD6 /* Models */,
				AAF0C02C2AD8B657007E7254 /* Constant */,
				AAF0C01E2AD8B2B5007E7254 /* petpetgoApp.swift */,
				AAF0C0202AD8B2B5007E7254 /* ContentView.swift */,
				AAB284CD2AFDB34100F96BFE /* searchPage.swift */,
				4E3F93532B10895E00FFA7EE /* loginPage.swift */,
				AAB284CB2AFDB26A00F96BFE /* homePage.swift */,
				AAF0C02F2AD8B88F007E7254 /* Service.swift */,
				4E3F93552B1089AE00FFA7EE /* signUpPage.swift */,
				AA93DB102AF84AD200CB6AB3 /* userPage.swift */,
				AAF0C0222AD8B2B9007E7254 /* Assets.xcassets */,
				AAF0C0242AD8B2B9007E7254 /* Preview Content */,
			);
			path = petpetgo;
			sourceTree = "<group>";
		};
		AAF0C0242AD8B2B9007E7254 /* Preview Content */ = {
			isa = PBXGroup;
			children = (
				AAF0C0252AD8B2B9007E7254 /* Preview Assets.xcassets */,
			);
			path = "Preview Content";
			sourceTree = "<group>";
		};
		AAF0C02C2AD8B657007E7254 /* Constant */ = {
			isa = PBXGroup;
			children = (
				AAF0C02D2AD8B66E007E7254 /* Constants.swift */,
			);
			path = Constant;
			sourceTree = "<group>";
		};
/* End PBXGroup section */

/* Begin PBXNativeTarget section */
		AAF0C01A2AD8B2B5007E7254 /* petpetgo */ = {
			isa = PBXNativeTarget;
			buildConfigurationList = AAF0C0292AD8B2B9007E7254 /* Build configuration list for PBXNativeTarget "petpetgo" */;
			buildPhases = (
				AAF0C0172AD8B2B5007E7254 /* Sources */,
				AAF0C0182AD8B2B5007E7254 /* Frameworks */,
				AAF0C0192AD8B2B5007E7254 /* Resources */,
			);
			buildRules = (
			);
			dependencies = (
			);
			name = petpetgo;
			productName = petpetgo;
			productReference = AAF0C01B2AD8B2B5007E7254 /* petpetgo.app */;
			productType = "com.apple.product-type.application";
		};
/* End PBXNativeTarget section */

/* Begin PBXProject section */
		AAF0C0132AD8B2B4007E7254 /* Project object */ = {
			isa = PBXProject;
			attributes = {
				BuildIndependentTargetsInParallel = 1;
				LastSwiftUpdateCheck = 1500;
				LastUpgradeCheck = 1500;
				TargetAttributes = {
					AAF0C01A2AD8B2B5007E7254 = {
						CreatedOnToolsVersion = 15.0;
					};
				};
			};
			buildConfigurationList = AAF0C0162AD8B2B4007E7254 /* Build configuration list for PBXProject "petpetgo" */;
			compatibilityVersion = "Xcode 14.0";
			developmentRegion = en;
			hasScannedForEncodings = 0;
			knownRegions = (
				en,
				Base,
			);
			mainGroup = AAF0C0122AD8B2B4007E7254;
			productRefGroup = AAF0C01C2AD8B2B5007E7254 /* Products */;
			projectDirPath = "";
			projectRoot = "";
			targets = (
				AAF0C01A2AD8B2B5007E7254 /* petpetgo */,
			);
		};
/* End PBXProject section */

/* Begin PBXResourcesBuildPhase section */
		AAF0C0192AD8B2B5007E7254 /* Resources */ = {
			isa = PBXResourcesBuildPhase;
			buildActionMask = 2147483647;
			files = (
				AAF0C0262AD8B2B9007E7254 /* Preview Assets.xcassets in Resources */,
				AAF0C0232AD8B2B9007E7254 /* Assets.xcassets in Resources */,
				AAB284D52AFDC82200F96BFE /* IndieFlower.ttf in Resources */,
			);
			runOnlyForDeploymentPostprocessing = 0;
		};
/* End PBXResourcesBuildPhase section */

/* Begin PBXSourcesBuildPhase section */
		AAF0C0172AD8B2B5007E7254 /* Sources */ = {
			isa = PBXSourcesBuildPhase;
			buildActionMask = 2147483647;
			files = (
				AAB284CE2AFDB34100F96BFE /* searchPage.swift in Sources */,
				01BF39162B0F12DD00DD24B7 /* HelpPage.swift in Sources */,
				AAB284CC2AFDB26A00F96BFE /* homePage.swift in Sources */,
				AACF0BEC2ADCBA360025BDD6 /* ApiAnimal.swift in Sources */,
				AAF0C0212AD8B2B5007E7254 /* ContentView.swift in Sources */,
				AA93DB112AF84AD200CB6AB3 /* userPage.swift in Sources */,
				4E3F93582B108A7700FFA7EE /* User.swift in Sources */,
				AAF0C0302AD8B88F007E7254 /* Service.swift in Sources */,
				4E3F93542B10895E00FFA7EE /* loginPage.swift in Sources */,
				AAF0C01F2AD8B2B5007E7254 /* petpetgoApp.swift in Sources */,
				4E3F93562B1089AE00FFA7EE /* signUpPage.swift in Sources */,
				AAF0C02E2AD8B66E007E7254 /* Constants.swift in Sources */,
				AAF0C0322AD8CA72007E7254 /* AccessToken.swift in Sources */,
				01BF39182B0F1E6700DD24B7 /* SettingPage.swift in Sources */,
			);
			runOnlyForDeploymentPostprocessing = 0;
		};
/* End PBXSourcesBuildPhase section */

/* Begin PBXVariantGroup section */
		AAB284D72AFDC82200F96BFE /* IndieFlower.ttf */ = {
			isa = PBXVariantGroup;
			children = (
				AAB284D82AFDC83800F96BFE /* Base */,
			);
			name = IndieFlower.ttf;
			sourceTree = "<group>";
		};
/* End PBXVariantGroup section */

/* Begin XCBuildConfiguration section */
		AAF0C0272AD8B2B9007E7254 /* Debug */ = {
			isa = XCBuildConfiguration;
			buildSettings = {
				ALWAYS_SEARCH_USER_PATHS = NO;
				ASSETCATALOG_COMPILER_GENERATE_SWIFT_ASSET_SYMBOL_EXTENSIONS = YES;
				CLANG_ANALYZER_NONNULL = YES;
				CLANG_ANALYZER_NUMBER_OBJECT_CONVERSION = YES_AGGRESSIVE;
				CLANG_CXX_LANGUAGE_STANDARD = "gnu++20";
				CLANG_ENABLE_MODULES = YES;
				CLANG_ENABLE_OBJC_ARC = YES;
				CLANG_ENABLE_OBJC_WEAK = YES;
				CLANG_WARN_BLOCK_CAPTURE_AUTORELEASING = YES;
				CLANG_WARN_BOOL_CONVERSION = YES;
				CLANG_WARN_COMMA = YES;
				CLANG_WARN_CONSTANT_CONVERSION = YES;
				CLANG_WARN_DEPRECATED_OBJC_IMPLEMENTATIONS = YES;
				CLANG_WARN_DIRECT_OBJC_ISA_USAGE = YES_ERROR;
				CLANG_WARN_DOCUMENTATION_COMMENTS = YES;
				CLANG_WARN_EMPTY_BODY = YES;
				CLANG_WARN_ENUM_CONVERSION = YES;
				CLANG_WARN_INFINITE_RECURSION = YES;
				CLANG_WARN_INT_CONVERSION = YES;
				CLANG_WARN_NON_LITERAL_NULL_CONVERSION = YES;
				CLANG_WARN_OBJC_IMPLICIT_RETAIN_SELF = YES;
				CLANG_WARN_OBJC_LITERAL_CONVERSION = YES;
				CLANG_WARN_OBJC_ROOT_CLASS = YES_ERROR;
				CLANG_WARN_QUOTED_INCLUDE_IN_FRAMEWORK_HEADER = YES;
				CLANG_WARN_RANGE_LOOP_ANALYSIS = YES;
				CLANG_WARN_STRICT_PROTOTYPES = YES;
				CLANG_WARN_SUSPICIOUS_MOVE = YES;
				CLANG_WARN_UNGUARDED_AVAILABILITY = YES_AGGRESSIVE;
				CLANG_WARN_UNREACHABLE_CODE = YES;
				CLANG_WARN__DUPLICATE_METHOD_MATCH = YES;
				COPY_PHASE_STRIP = NO;
				DEBUG_INFORMATION_FORMAT = dwarf;
				ENABLE_STRICT_OBJC_MSGSEND = YES;
				ENABLE_TESTABILITY = YES;
				ENABLE_USER_SCRIPT_SANDBOXING = YES;
				GCC_C_LANGUAGE_STANDARD = gnu17;
				GCC_DYNAMIC_NO_PIC = NO;
				GCC_NO_COMMON_BLOCKS = YES;
				GCC_OPTIMIZATION_LEVEL = 0;
				GCC_PREPROCESSOR_DEFINITIONS = (
					"DEBUG=1",
					"$(inherited)",
				);
				GCC_WARN_64_TO_32_BIT_CONVERSION = YES;
				GCC_WARN_ABOUT_RETURN_TYPE = YES_ERROR;
				GCC_WARN_UNDECLARED_SELECTOR = YES;
				GCC_WARN_UNINITIALIZED_AUTOS = YES_AGGRESSIVE;
				GCC_WARN_UNUSED_FUNCTION = YES;
				GCC_WARN_UNUSED_VARIABLE = YES;
				IPHONEOS_DEPLOYMENT_TARGET = 17.0;
				LOCALIZATION_PREFERS_STRING_CATALOGS = YES;
				MTL_ENABLE_DEBUG_INFO = INCLUDE_SOURCE;
				MTL_FAST_MATH = YES;
				ONLY_ACTIVE_ARCH = YES;
				SDKROOT = iphoneos;
				SWIFT_ACTIVE_COMPILATION_CONDITIONS = "DEBUG $(inherited)";
				SWIFT_OPTIMIZATION_LEVEL = "-Onone";
			};
			name = Debug;
		};
		AAF0C0282AD8B2B9007E7254 /* Release */ = {
			isa = XCBuildConfiguration;
			buildSettings = {
				ALWAYS_SEARCH_USER_PATHS = NO;
				ASSETCATALOG_COMPILER_GENERATE_SWIFT_ASSET_SYMBOL_EXTENSIONS = YES;
				CLANG_ANALYZER_NONNULL = YES;
				CLANG_ANALYZER_NUMBER_OBJECT_CONVERSION = YES_AGGRESSIVE;
				CLANG_CXX_LANGUAGE_STANDARD = "gnu++20";
				CLANG_ENABLE_MODULES = YES;
				CLANG_ENABLE_OBJC_ARC = YES;
				CLANG_ENABLE_OBJC_WEAK = YES;
				CLANG_WARN_BLOCK_CAPTURE_AUTORELEASING = YES;
				CLANG_WARN_BOOL_CONVERSION = YES;
				CLANG_WARN_COMMA = YES;
				CLANG_WARN_CONSTANT_CONVERSION = YES;
				CLANG_WARN_DEPRECATED_OBJC_IMPLEMENTATIONS = YES;
				CLANG_WARN_DIRECT_OBJC_ISA_USAGE = YES_ERROR;
				CLANG_WARN_DOCUMENTATION_COMMENTS = YES;
				CLANG_WARN_EMPTY_BODY = YES;
				CLANG_WARN_ENUM_CONVERSION = YES;
				CLANG_WARN_INFINITE_RECURSION = YES;
				CLANG_WARN_INT_CONVERSION = YES;
				CLANG_WARN_NON_LITERAL_NULL_CONVERSION = YES;
				CLANG_WARN_OBJC_IMPLICIT_RETAIN_SELF = YES;
				CLANG_WARN_OBJC_LITERAL_CONVERSION = YES;
				CLANG_WARN_OBJC_ROOT_CLASS = YES_ERROR;
				CLANG_WARN_QUOTED_INCLUDE_IN_FRAMEWORK_HEADER = YES;
				CLANG_WARN_RANGE_LOOP_ANALYSIS = YES;
				CLANG_WARN_STRICT_PROTOTYPES = YES;
				CLANG_WARN_SUSPICIOUS_MOVE = YES;
				CLANG_WARN_UNGUARDED_AVAILABILITY = YES_AGGRESSIVE;
				CLANG_WARN_UNREACHABLE_CODE = YES;
				CLANG_WARN__DUPLICATE_METHOD_MATCH = YES;
				COPY_PHASE_STRIP = NO;
				DEBUG_INFORMATION_FORMAT = "dwarf-with-dsym";
				ENABLE_NS_ASSERTIONS = NO;
				ENABLE_STRICT_OBJC_MSGSEND = YES;
				ENABLE_USER_SCRIPT_SANDBOXING = YES;
				GCC_C_LANGUAGE_STANDARD = gnu17;
				GCC_NO_COMMON_BLOCKS = YES;
				GCC_WARN_64_TO_32_BIT_CONVERSION = YES;
				GCC_WARN_ABOUT_RETURN_TYPE = YES_ERROR;
				GCC_WARN_UNDECLARED_SELECTOR = YES;
				GCC_WARN_UNINITIALIZED_AUTOS = YES_AGGRESSIVE;
				GCC_WARN_UNUSED_FUNCTION = YES;
				GCC_WARN_UNUSED_VARIABLE = YES;
				IPHONEOS_DEPLOYMENT_TARGET = 17.0;
				LOCALIZATION_PREFERS_STRING_CATALOGS = YES;
				MTL_ENABLE_DEBUG_INFO = NO;
				MTL_FAST_MATH = YES;
				SDKROOT = iphoneos;
				SWIFT_COMPILATION_MODE = wholemodule;
				VALIDATE_PRODUCT = YES;
			};
			name = Release;
		};
		AAF0C02A2AD8B2B9007E7254 /* Debug */ = {
			isa = XCBuildConfiguration;
			buildSettings = {
				ASSETCATALOG_COMPILER_APPICON_NAME = AppIcon;
				ASSETCATALOG_COMPILER_GLOBAL_ACCENT_COLOR_NAME = AccentColor;
				CODE_SIGN_STYLE = Automatic;
				CURRENT_PROJECT_VERSION = 1;
				DEVELOPMENT_ASSET_PATHS = "\"petpetgo/Preview Content\"";
				DEVELOPMENT_TEAM = 6J7G2GC3TR;
				ENABLE_PREVIEWS = YES;
				GENERATE_INFOPLIST_FILE = YES;
				INFOPLIST_FILE = petpetgo/Info.plist;
				INFOPLIST_KEY_UIApplicationSceneManifest_Generation = YES;
				INFOPLIST_KEY_UIApplicationSupportsIndirectInputEvents = YES;
				INFOPLIST_KEY_UILaunchScreen_Generation = YES;
				INFOPLIST_KEY_UISupportedInterfaceOrientations_iPad = "UIInterfaceOrientationPortrait UIInterfaceOrientationPortraitUpsideDown UIInterfaceOrientationLandscapeLeft UIInterfaceOrientationLandscapeRight";
				INFOPLIST_KEY_UISupportedInterfaceOrientations_iPhone = "UIInterfaceOrientationPortrait UIInterfaceOrientationLandscapeLeft UIInterfaceOrientationLandscapeRight";
				IPHONEOS_DEPLOYMENT_TARGET = 16.0;
				LD_RUNPATH_SEARCH_PATHS = (
					"$(inherited)",
					"@executable_path/Frameworks",
				);
				MARKETING_VERSION = 1.0;
				PRODUCT_BUNDLE_IDENTIFIER = gmail.Damon.petpetgo;
				PRODUCT_NAME = "$(TARGET_NAME)";
				SWIFT_EMIT_LOC_STRINGS = YES;
				SWIFT_VERSION = 5.0;
				TARGETED_DEVICE_FAMILY = "1,2";
			};
			name = Debug;
		};
		AAF0C02B2AD8B2B9007E7254 /* Release */ = {
			isa = XCBuildConfiguration;
			buildSettings = {
				ASSETCATALOG_COMPILER_APPICON_NAME = AppIcon;
				ASSETCATALOG_COMPILER_GLOBAL_ACCENT_COLOR_NAME = AccentColor;
				CODE_SIGN_STYLE = Automatic;
				CURRENT_PROJECT_VERSION = 1;
				DEVELOPMENT_ASSET_PATHS = "\"petpetgo/Preview Content\"";
				DEVELOPMENT_TEAM = 6J7G2GC3TR;
				ENABLE_PREVIEWS = YES;
				GENERATE_INFOPLIST_FILE = YES;
				INFOPLIST_FILE = petpetgo/Info.plist;
				INFOPLIST_KEY_UIApplicationSceneManifest_Generation = YES;
				INFOPLIST_KEY_UIApplicationSupportsIndirectInputEvents = YES;
				INFOPLIST_KEY_UILaunchScreen_Generation = YES;
				INFOPLIST_KEY_UISupportedInterfaceOrientations_iPad = "UIInterfaceOrientationPortrait UIInterfaceOrientationPortraitUpsideDown UIInterfaceOrientationLandscapeLeft UIInterfaceOrientationLandscapeRight";
				INFOPLIST_KEY_UISupportedInterfaceOrientations_iPhone = "UIInterfaceOrientationPortrait UIInterfaceOrientationLandscapeLeft UIInterfaceOrientationLandscapeRight";
				IPHONEOS_DEPLOYMENT_TARGET = 16.0;
				LD_RUNPATH_SEARCH_PATHS = (
					"$(inherited)",
					"@executable_path/Frameworks",
				);
				MARKETING_VERSION = 1.0;
				PRODUCT_BUNDLE_IDENTIFIER = gmail.Damon.petpetgo;
				PRODUCT_NAME = "$(TARGET_NAME)";
				SWIFT_EMIT_LOC_STRINGS = YES;
				SWIFT_VERSION = 5.0;
				TARGETED_DEVICE_FAMILY = "1,2";
			};
			name = Release;
		};
/* End XCBuildConfiguration section */

/* Begin XCConfigurationList section */
		AAF0C0162AD8B2B4007E7254 /* Build configuration list for PBXProject "petpetgo" */ = {
			isa = XCConfigurationList;
			buildConfigurations = (
				AAF0C0272AD8B2B9007E7254 /* Debug */,
				AAF0C0282AD8B2B9007E7254 /* Release */,
			);
			defaultConfigurationIsVisible = 0;
			defaultConfigurationName = Release;
		};
		AAF0C0292AD8B2B9007E7254 /* Build configuration list for PBXNativeTarget "petpetgo" */ = {
			isa = XCConfigurationList;
			buildConfigurations = (
				AAF0C02A2AD8B2B9007E7254 /* Debug */,
				AAF0C02B2AD8B2B9007E7254 /* Release */,
			);
			defaultConfigurationIsVisible = 0;
			defaultConfigurationName = Release;
		};
/* End XCConfigurationList section */
	};
	rootObject = AAF0C0132AD8B2B4007E7254 /* Project object */;
}
